// !$*UTF8*$!
{
	archiveVersion = 1;
	classes = {
	};
	objectVersion = 56;
	objects = {

/* Begin PBXBuildFile section */
		E9F6083329DDB74C00748818 /* AppDelegate.swift in Sources */ = {isa = PBXBuildFile; fileRef = E9F6083229DDB74C00748818 /* AppDelegate.swift */; };
		E9F6083529DDB74C00748818 /* SceneDelegate.swift in Sources */ = {isa = PBXBuildFile; fileRef = E9F6083429DDB74C00748818 /* SceneDelegate.swift */; };
		E9F6083829DDB74C00748818 /* LaunchScreen.storyboard in Resources */ = {isa = PBXBuildFile; fileRef = E9F6083629DDB74C00748818 /* LaunchScreen.storyboard */; };
		E9F6083B29DDB74C00748818 /* Main.storyboard in Resources */ = {isa = PBXBuildFile; fileRef = E9F6083929DDB74C00748818 /* Main.storyboard */; };
		E9F6084429DDB74C00748818 /* AppDelegate.swift in Sources */ = {isa = PBXBuildFile; fileRef = E9F6084329DDB74C00748818 /* AppDelegate.swift */; };
		E9F6084729DDB74C00748818 /* Main.storyboard in Resources */ = {isa = PBXBuildFile; fileRef = E9F6084529DDB74C00748818 /* Main.storyboard */; };
		E9F6084E29DDB74C00748818 /* Jimmy Fallon Blocker Extension.appex in Embed Foundation Extensions */ = {isa = PBXBuildFile; fileRef = E9F6084D29DDB74C00748818 /* Jimmy Fallon Blocker Extension.appex */; settings = {ATTRIBUTES = (RemoveHeadersOnCopy, ); }; };
		E9F6085829DDB74C00748818 /* Jimmy Fallon Blocker Extension.appex in Embed Foundation Extensions */ = {isa = PBXBuildFile; fileRef = E9F6085729DDB74C00748818 /* Jimmy Fallon Blocker Extension.appex */; settings = {ATTRIBUTES = (RemoveHeadersOnCopy, ); }; };
		E9F6085E29DDB74C00748818 /* Main.html in Resources */ = {isa = PBXBuildFile; fileRef = E9F6081929DDB74A00748818 /* Main.html */; };
		E9F6085F29DDB74C00748818 /* Main.html in Resources */ = {isa = PBXBuildFile; fileRef = E9F6081929DDB74A00748818 /* Main.html */; };
		E9F6086029DDB74C00748818 /* Icon.png in Resources */ = {isa = PBXBuildFile; fileRef = E9F6081B29DDB74A00748818 /* Icon.png */; };
		E9F6086129DDB74C00748818 /* Icon.png in Resources */ = {isa = PBXBuildFile; fileRef = E9F6081B29DDB74A00748818 /* Icon.png */; };
		E9F6086229DDB74C00748818 /* Style.css in Resources */ = {isa = PBXBuildFile; fileRef = E9F6081C29DDB74A00748818 /* Style.css */; };
		E9F6086329DDB74C00748818 /* Style.css in Resources */ = {isa = PBXBuildFile; fileRef = E9F6081C29DDB74A00748818 /* Style.css */; };
		E9F6086429DDB74C00748818 /* Script.js in Resources */ = {isa = PBXBuildFile; fileRef = E9F6081D29DDB74A00748818 /* Script.js */; };
		E9F6086529DDB74C00748818 /* Script.js in Resources */ = {isa = PBXBuildFile; fileRef = E9F6081D29DDB74A00748818 /* Script.js */; };
		E9F6086629DDB74C00748818 /* ViewController.swift in Sources */ = {isa = PBXBuildFile; fileRef = E9F6081E29DDB74A00748818 /* ViewController.swift */; };
		E9F6086729DDB74C00748818 /* ViewController.swift in Sources */ = {isa = PBXBuildFile; fileRef = E9F6081E29DDB74A00748818 /* ViewController.swift */; };
		E9F6086829DDB74C00748818 /* Assets.xcassets in Resources */ = {isa = PBXBuildFile; fileRef = E9F6081F29DDB74B00748818 /* Assets.xcassets */; };
		E9F6086929DDB74C00748818 /* Assets.xcassets in Resources */ = {isa = PBXBuildFile; fileRef = E9F6081F29DDB74B00748818 /* Assets.xcassets */; };
		E9F6086A29DDB74C00748818 /* SafariWebExtensionHandler.swift in Sources */ = {isa = PBXBuildFile; fileRef = E9F6082129DDB74B00748818 /* SafariWebExtensionHandler.swift */; };
		E9F6086B29DDB74C00748818 /* SafariWebExtensionHandler.swift in Sources */ = {isa = PBXBuildFile; fileRef = E9F6082129DDB74B00748818 /* SafariWebExtensionHandler.swift */; };
		E9F6086C29DDB74C00748818 /* _locales in Resources */ = {isa = PBXBuildFile; fileRef = E9F6082329DDB74B00748818 /* _locales */; };
		E9F6086D29DDB74C00748818 /* _locales in Resources */ = {isa = PBXBuildFile; fileRef = E9F6082329DDB74B00748818 /* _locales */; };
		E9F6086E29DDB74C00748818 /* images in Resources */ = {isa = PBXBuildFile; fileRef = E9F6082429DDB74B00748818 /* images */; };
		E9F6086F29DDB74C00748818 /* images in Resources */ = {isa = PBXBuildFile; fileRef = E9F6082429DDB74B00748818 /* images */; };
		E9F6087029DDB74C00748818 /* manifest.json in Resources */ = {isa = PBXBuildFile; fileRef = E9F6082529DDB74B00748818 /* manifest.json */; };
		E9F6087129DDB74C00748818 /* manifest.json in Resources */ = {isa = PBXBuildFile; fileRef = E9F6082529DDB74B00748818 /* manifest.json */; };
		E9F6087229DDB74C00748818 /* background.js in Resources */ = {isa = PBXBuildFile; fileRef = E9F6082629DDB74B00748818 /* background.js */; };
		E9F6087329DDB74C00748818 /* background.js in Resources */ = {isa = PBXBuildFile; fileRef = E9F6082629DDB74B00748818 /* background.js */; };
		E9F6087429DDB74C00748818 /* content.js in Resources */ = {isa = PBXBuildFile; fileRef = E9F6082729DDB74B00748818 /* content.js */; };
		E9F6087529DDB74C00748818 /* content.js in Resources */ = {isa = PBXBuildFile; fileRef = E9F6082729DDB74B00748818 /* content.js */; };
		E9F6087629DDB74C00748818 /* popup.html in Resources */ = {isa = PBXBuildFile; fileRef = E9F6082829DDB74B00748818 /* popup.html */; };
		E9F6087729DDB74C00748818 /* popup.html in Resources */ = {isa = PBXBuildFile; fileRef = E9F6082829DDB74B00748818 /* popup.html */; };
		E9F6087829DDB74C00748818 /* popup.css in Resources */ = {isa = PBXBuildFile; fileRef = E9F6082929DDB74B00748818 /* popup.css */; };
		E9F6087929DDB74C00748818 /* popup.css in Resources */ = {isa = PBXBuildFile; fileRef = E9F6082929DDB74B00748818 /* popup.css */; };
		E9F6087A29DDB74C00748818 /* popup.js in Resources */ = {isa = PBXBuildFile; fileRef = E9F6082A29DDB74B00748818 /* popup.js */; };
		E9F6087B29DDB74C00748818 /* popup.js in Resources */ = {isa = PBXBuildFile; fileRef = E9F6082A29DDB74B00748818 /* popup.js */; };
/* End PBXBuildFile section */

/* Begin PBXContainerItemProxy section */
		E9F6084F29DDB74C00748818 /* PBXContainerItemProxy */ = {
			isa = PBXContainerItemProxy;
			containerPortal = E9F6081329DDB74A00748818 /* Project object */;
			proxyType = 1;
			remoteGlobalIDString = E9F6084C29DDB74C00748818;
			remoteInfo = "Jimmy Fallon Blocker Extension (iOS)";
		};
		E9F6085929DDB74C00748818 /* PBXContainerItemProxy */ = {
			isa = PBXContainerItemProxy;
			containerPortal = E9F6081329DDB74A00748818 /* Project object */;
			proxyType = 1;
			remoteGlobalIDString = E9F6085629DDB74C00748818;
			remoteInfo = "Jimmy Fallon Blocker Extension (macOS)";
		};
/* End PBXContainerItemProxy section */

/* Begin PBXCopyFilesBuildPhase section */
		E9F6088129DDB74C00748818 /* Embed Foundation Extensions */ = {
			isa = PBXCopyFilesBuildPhase;
			buildActionMask = 2147483647;
			dstPath = "";
			dstSubfolderSpec = 13;
			files = (
				E9F6084E29DDB74C00748818 /* Jimmy Fallon Blocker Extension.appex in Embed Foundation Extensions */,
			);
			name = "Embed Foundation Extensions";
			runOnlyForDeploymentPostprocessing = 0;
		};
		E9F6088829DDB74C00748818 /* Embed Foundation Extensions */ = {
			isa = PBXCopyFilesBuildPhase;
			buildActionMask = 2147483647;
			dstPath = "";
			dstSubfolderSpec = 13;
			files = (
				E9F6085829DDB74C00748818 /* Jimmy Fallon Blocker Extension.appex in Embed Foundation Extensions */,
			);
			name = "Embed Foundation Extensions";
			runOnlyForDeploymentPostprocessing = 0;
		};
/* End PBXCopyFilesBuildPhase section */

/* Begin PBXFileReference section */
		E9F6081A29DDB74A00748818 /* Base */ = {isa = PBXFileReference; lastKnownFileType = text.html; name = Base; path = ../Base.lproj/Main.html; sourceTree = "<group>"; };
		E9F6081B29DDB74A00748818 /* Icon.png */ = {isa = PBXFileReference; lastKnownFileType = image.png; path = Icon.png; sourceTree = "<group>"; };
		E9F6081C29DDB74A00748818 /* Style.css */ = {isa = PBXFileReference; lastKnownFileType = text.css; path = Style.css; sourceTree = "<group>"; };
		E9F6081D29DDB74A00748818 /* Script.js */ = {isa = PBXFileReference; lastKnownFileType = sourcecode.javascript; path = Script.js; sourceTree = "<group>"; };
		E9F6081E29DDB74A00748818 /* ViewController.swift */ = {isa = PBXFileReference; lastKnownFileType = sourcecode.swift; path = ViewController.swift; sourceTree = "<group>"; };
		E9F6081F29DDB74B00748818 /* Assets.xcassets */ = {isa = PBXFileReference; lastKnownFileType = folder.assetcatalog; path = Assets.xcassets; sourceTree = "<group>"; };
		E9F6082129DDB74B00748818 /* SafariWebExtensionHandler.swift */ = {isa = PBXFileReference; lastKnownFileType = sourcecode.swift; path = SafariWebExtensionHandler.swift; sourceTree = "<group>"; };
		E9F6082329DDB74B00748818 /* _locales */ = {isa = PBXFileReference; lastKnownFileType = folder; path = _locales; sourceTree = "<group>"; };
		E9F6082429DDB74B00748818 /* images */ = {isa = PBXFileReference; lastKnownFileType = folder; path = images; sourceTree = "<group>"; };
		E9F6082529DDB74B00748818 /* manifest.json */ = {isa = PBXFileReference; lastKnownFileType = text.json; path = manifest.json; sourceTree = "<group>"; };
		E9F6082629DDB74B00748818 /* background.js */ = {isa = PBXFileReference; lastKnownFileType = sourcecode.javascript; path = background.js; sourceTree = "<group>"; };
		E9F6082729DDB74B00748818 /* content.js */ = {isa = PBXFileReference; lastKnownFileType = sourcecode.javascript; path = content.js; sourceTree = "<group>"; };
		E9F6082829DDB74B00748818 /* popup.html */ = {isa = PBXFileReference; lastKnownFileType = text.html; path = popup.html; sourceTree = "<group>"; };
		E9F6082929DDB74B00748818 /* popup.css */ = {isa = PBXFileReference; lastKnownFileType = text.css; path = popup.css; sourceTree = "<group>"; };
		E9F6082A29DDB74B00748818 /* popup.js */ = {isa = PBXFileReference; lastKnownFileType = sourcecode.javascript; path = popup.js; sourceTree = "<group>"; };
		E9F6082F29DDB74C00748818 /* Jimmy Fallon Blocker.app */ = {isa = PBXFileReference; explicitFileType = wrapper.application; includeInIndex = 0; path = "Jimmy Fallon Blocker.app"; sourceTree = BUILT_PRODUCTS_DIR; };
		E9F6083229DDB74C00748818 /* AppDelegate.swift */ = {isa = PBXFileReference; lastKnownFileType = sourcecode.swift; path = AppDelegate.swift; sourceTree = "<group>"; };
		E9F6083429DDB74C00748818 /* SceneDelegate.swift */ = {isa = PBXFileReference; lastKnownFileType = sourcecode.swift; path = SceneDelegate.swift; sourceTree = "<group>"; };
		E9F6083729DDB74C00748818 /* Base */ = {isa = PBXFileReference; lastKnownFileType = file.storyboard; name = Base; path = Base.lproj/LaunchScreen.storyboard; sourceTree = "<group>"; };
		E9F6083A29DDB74C00748818 /* Base */ = {isa = PBXFileReference; lastKnownFileType = file.storyboard; name = Base; path = Base.lproj/Main.storyboard; sourceTree = "<group>"; };
		E9F6083C29DDB74C00748818 /* Info.plist */ = {isa = PBXFileReference; lastKnownFileType = text.plist.xml; path = Info.plist; sourceTree = "<group>"; };
		E9F6084129DDB74C00748818 /* Jimmy Fallon Blocker.app */ = {isa = PBXFileReference; explicitFileType = wrapper.application; includeInIndex = 0; path = "Jimmy Fallon Blocker.app"; sourceTree = BUILT_PRODUCTS_DIR; };
		E9F6084329DDB74C00748818 /* AppDelegate.swift */ = {isa = PBXFileReference; lastKnownFileType = sourcecode.swift; path = AppDelegate.swift; sourceTree = "<group>"; };
		E9F6084629DDB74C00748818 /* Base */ = {isa = PBXFileReference; lastKnownFileType = file.storyboard; name = Base; path = Base.lproj/Main.storyboard; sourceTree = "<group>"; };
		E9F6084829DDB74C00748818 /* Jimmy Fallon Blocker.entitlements */ = {isa = PBXFileReference; lastKnownFileType = text.plist.entitlements; path = "Jimmy Fallon Blocker.entitlements"; sourceTree = "<group>"; };
		E9F6084D29DDB74C00748818 /* Jimmy Fallon Blocker Extension.appex */ = {isa = PBXFileReference; explicitFileType = "wrapper.app-extension"; includeInIndex = 0; path = "Jimmy Fallon Blocker Extension.appex"; sourceTree = BUILT_PRODUCTS_DIR; };
		E9F6085229DDB74C00748818 /* Info.plist */ = {isa = PBXFileReference; lastKnownFileType = text.plist.xml; path = Info.plist; sourceTree = "<group>"; };
		E9F6085729DDB74C00748818 /* Jimmy Fallon Blocker Extension.appex */ = {isa = PBXFileReference; explicitFileType = "wrapper.app-extension"; includeInIndex = 0; path = "Jimmy Fallon Blocker Extension.appex"; sourceTree = BUILT_PRODUCTS_DIR; };
		E9F6085C29DDB74C00748818 /* Info.plist */ = {isa = PBXFileReference; lastKnownFileType = text.plist.xml; path = Info.plist; sourceTree = "<group>"; };
		E9F6085D29DDB74C00748818 /* Jimmy Fallon Blocker.entitlements */ = {isa = PBXFileReference; lastKnownFileType = text.plist.entitlements; path = "Jimmy Fallon Blocker.entitlements"; sourceTree = "<group>"; };
		E9F6088C29DDB77900748818 /* content.js */ = {isa = PBXFileReference; lastKnownFileType = sourcecode.javascript; path = content.js; sourceTree = "<group>"; };
		E9F6088D29DDB79300748818 /* image-process.js */ = {isa = PBXFileReference; lastKnownFileType = sourcecode.javascript; path = "image-process.js"; sourceTree = "<group>"; };
		E9F6088E29DDB7AC00748818 /* manifest.js */ = {isa = PBXFileReference; lastKnownFileType = sourcecode.javascript; path = manifest.js; sourceTree = "<group>"; };
		E9F6088F29DDB7C600748818 /* face-api.js */ = {isa = PBXFileReference; lastKnownFileType = sourcecode.javascript; path = "face-api.js"; sourceTree = "<group>"; };
/* End PBXFileReference section */

/* Begin PBXFrameworksBuildPhase section */
		E9F6082C29DDB74C00748818 /* Frameworks */ = {
			isa = PBXFrameworksBuildPhase;
			buildActionMask = 2147483647;
			files = (
			);
			runOnlyForDeploymentPostprocessing = 0;
		};
		E9F6083E29DDB74C00748818 /* Frameworks */ = {
			isa = PBXFrameworksBuildPhase;
			buildActionMask = 2147483647;
			files = (
			);
			runOnlyForDeploymentPostprocessing = 0;
		};
		E9F6084A29DDB74C00748818 /* Frameworks */ = {
			isa = PBXFrameworksBuildPhase;
			buildActionMask = 2147483647;
			files = (
			);
			runOnlyForDeploymentPostprocessing = 0;
		};
		E9F6085429DDB74C00748818 /* Frameworks */ = {
			isa = PBXFrameworksBuildPhase;
			buildActionMask = 2147483647;
			files = (
			);
			runOnlyForDeploymentPostprocessing = 0;
		};
/* End PBXFrameworksBuildPhase section */

/* Begin PBXGroup section */
		E9F6081229DDB74A00748818 = {
			isa = PBXGroup;
			children = (
				E9F6081729DDB74A00748818 /* Shared (App) */,
				E9F6082029DDB74B00748818 /* Shared (Extension) */,
				E9F6083129DDB74C00748818 /* iOS (App) */,
				E9F6084229DDB74C00748818 /* macOS (App) */,
				E9F6085129DDB74C00748818 /* iOS (Extension) */,
				E9F6085B29DDB74C00748818 /* macOS (Extension) */,
				E9F6083029DDB74C00748818 /* Products */,
			);
			sourceTree = "<group>";
		};
		E9F6081729DDB74A00748818 /* Shared (App) */ = {
			isa = PBXGroup;
			children = (
				E9F6081E29DDB74A00748818 /* ViewController.swift */,
				E9F6081F29DDB74B00748818 /* Assets.xcassets */,
				E9F6081829DDB74A00748818 /* Resources */,
			);
			path = "Shared (App)";
			sourceTree = "<group>";
		};
		E9F6081829DDB74A00748818 /* Resources */ = {
			isa = PBXGroup;
			children = (
				E9F6081929DDB74A00748818 /* Main.html */,
				E9F6081B29DDB74A00748818 /* Icon.png */,
				E9F6081C29DDB74A00748818 /* Style.css */,
				E9F6081D29DDB74A00748818 /* Script.js */,
			);
			path = Resources;
			sourceTree = "<group>";
		};
		E9F6082029DDB74B00748818 /* Shared (Extension) */ = {
			isa = PBXGroup;
			children = (
				E9F6082129DDB74B00748818 /* SafariWebExtensionHandler.swift */,
				E9F6082229DDB74B00748818 /* Resources */,
			);
			path = "Shared (Extension)";
			sourceTree = "<group>";
		};
		E9F6082229DDB74B00748818 /* Resources */ = {
			isa = PBXGroup;
			children = (
				E9F6082329DDB74B00748818 /* _locales */,
				E9F6082429DDB74B00748818 /* images */,
				E9F6082529DDB74B00748818 /* manifest.json */,
				E9F6082629DDB74B00748818 /* background.js */,
				E9F6082729DDB74B00748818 /* content.js */,
				E9F6082829DDB74B00748818 /* popup.html */,
				E9F6082929DDB74B00748818 /* popup.css */,
				E9F6082A29DDB74B00748818 /* popup.js */,
			);
			path = Resources;
			sourceTree = "<group>";
		};
		E9F6083029DDB74C00748818 /* Products */ = {
			isa = PBXGroup;
			children = (
				E9F6082F29DDB74C00748818 /* Jimmy Fallon Blocker.app */,
				E9F6084129DDB74C00748818 /* Jimmy Fallon Blocker.app */,
				E9F6084D29DDB74C00748818 /* Jimmy Fallon Blocker Extension.appex */,
				E9F6085729DDB74C00748818 /* Jimmy Fallon Blocker Extension.appex */,
			);
			name = Products;
			sourceTree = "<group>";
		};
		E9F6083129DDB74C00748818 /* iOS (App) */ = {
			isa = PBXGroup;
			children = (
				E9F6083229DDB74C00748818 /* AppDelegate.swift */,
				E9F6083429DDB74C00748818 /* SceneDelegate.swift */,
				E9F6083629DDB74C00748818 /* LaunchScreen.storyboard */,
				E9F6083929DDB74C00748818 /* Main.storyboard */,
				E9F6083C29DDB74C00748818 /* Info.plist */,
			);
			path = "iOS (App)";
			sourceTree = "<group>";
		};
		E9F6084229DDB74C00748818 /* macOS (App) */ = {
			isa = PBXGroup;
			children = (
				E9F6084329DDB74C00748818 /* AppDelegate.swift */,
				E9F6084529DDB74C00748818 /* Main.storyboard */,
				E9F6084829DDB74C00748818 /* Jimmy Fallon Blocker.entitlements */,
			);
			path = "macOS (App)";
			sourceTree = "<group>";
		};
		E9F6085129DDB74C00748818 /* iOS (Extension) */ = {
			isa = PBXGroup;
			children = (
				E9F6085229DDB74C00748818 /* Info.plist */,
			);
			path = "iOS (Extension)";
			sourceTree = "<group>";
		};
		E9F6085B29DDB74C00748818 /* macOS (Extension) */ = {
			isa = PBXGroup;
			children = (
				E9F6085C29DDB74C00748818 /* Info.plist */,
				E9F6085D29DDB74C00748818 /* Jimmy Fallon Blocker.entitlements */,
				E9F6088C29DDB77900748818 /* content.js */,
				E9F6088D29DDB79300748818 /* image-process.js */,
				E9F6088E29DDB7AC00748818 /* manifest.js */,
				E9F6088F29DDB7C600748818 /* face-api.js */,
			);
			path = "macOS (Extension)";
			sourceTree = "<group>";
		};
/* End PBXGroup section */

/* Begin PBXNativeTarget section */
		E9F6082E29DDB74C00748818 /* Jimmy Fallon Blocker (iOS) */ = {
			isa = PBXNativeTarget;
			buildConfigurationList = E9F6088229DDB74C00748818 /* Build configuration list for PBXNativeTarget "Jimmy Fallon Blocker (iOS)" */;
			buildPhases = (
				E9F6082B29DDB74C00748818 /* Sources */,
				E9F6082C29DDB74C00748818 /* Frameworks */,
				E9F6082D29DDB74C00748818 /* Resources */,
				E9F6088129DDB74C00748818 /* Embed Foundation Extensions */,
			);
			buildRules = (
			);
			dependencies = (
				E9F6085029DDB74C00748818 /* PBXTargetDependency */,
			);
			name = "Jimmy Fallon Blocker (iOS)";
			productName = "Jimmy Fallon Blocker (iOS)";
			productReference = E9F6082F29DDB74C00748818 /* Jimmy Fallon Blocker.app */;
			productType = "com.apple.product-type.application";
		};
		E9F6084029DDB74C00748818 /* Jimmy Fallon Blocker (macOS) */ = {
			isa = PBXNativeTarget;
			buildConfigurationList = E9F6088929DDB74C00748818 /* Build configuration list for PBXNativeTarget "Jimmy Fallon Blocker (macOS)" */;
			buildPhases = (
				E9F6083D29DDB74C00748818 /* Sources */,
				E9F6083E29DDB74C00748818 /* Frameworks */,
				E9F6083F29DDB74C00748818 /* Resources */,
				E9F6088829DDB74C00748818 /* Embed Foundation Extensions */,
			);
			buildRules = (
			);
			dependencies = (
				E9F6085A29DDB74C00748818 /* PBXTargetDependency */,
			);
			name = "Jimmy Fallon Blocker (macOS)";
			productName = "Jimmy Fallon Blocker (macOS)";
			productReference = E9F6084129DDB74C00748818 /* Jimmy Fallon Blocker.app */;
			productType = "com.apple.product-type.application";
		};
		E9F6084C29DDB74C00748818 /* Jimmy Fallon Blocker Extension (iOS) */ = {
			isa = PBXNativeTarget;
			buildConfigurationList = E9F6087E29DDB74C00748818 /* Build configuration list for PBXNativeTarget "Jimmy Fallon Blocker Extension (iOS)" */;
			buildPhases = (
				E9F6084929DDB74C00748818 /* Sources */,
				E9F6084A29DDB74C00748818 /* Frameworks */,
				E9F6084B29DDB74C00748818 /* Resources */,
			);
			buildRules = (
			);
			dependencies = (
			);
			name = "Jimmy Fallon Blocker Extension (iOS)";
			productName = "Jimmy Fallon Blocker Extension (iOS)";
			productReference = E9F6084D29DDB74C00748818 /* Jimmy Fallon Blocker Extension.appex */;
			productType = "com.apple.product-type.app-extension";
		};
		E9F6085629DDB74C00748818 /* Jimmy Fallon Blocker Extension (macOS) */ = {
			isa = PBXNativeTarget;
			buildConfigurationList = E9F6088529DDB74C00748818 /* Build configuration list for PBXNativeTarget "Jimmy Fallon Blocker Extension (macOS)" */;
			buildPhases = (
				E9F6085329DDB74C00748818 /* Sources */,
				E9F6085429DDB74C00748818 /* Frameworks */,
				E9F6085529DDB74C00748818 /* Resources */,
			);
			buildRules = (
			);
			dependencies = (
			);
			name = "Jimmy Fallon Blocker Extension (macOS)";
			productName = "Jimmy Fallon Blocker Extension (macOS)";
			productReference = E9F6085729DDB74C00748818 /* Jimmy Fallon Blocker Extension.appex */;
			productType = "com.apple.product-type.app-extension";
		};
/* End PBXNativeTarget section */

/* Begin PBXProject section */
		E9F6081329DDB74A00748818 /* Project object */ = {
			isa = PBXProject;
			attributes = {
				BuildIndependentTargetsInParallel = 1;
				LastSwiftUpdateCheck = 1430;
				LastUpgradeCheck = 1430;
				TargetAttributes = {
					E9F6082E29DDB74C00748818 = {
						CreatedOnToolsVersion = 14.3;
					};
					E9F6084029DDB74C00748818 = {
						CreatedOnToolsVersion = 14.3;
					};
					E9F6084C29DDB74C00748818 = {
						CreatedOnToolsVersion = 14.3;
					};
					E9F6085629DDB74C00748818 = {
						CreatedOnToolsVersion = 14.3;
					};
				};
			};
			buildConfigurationList = E9F6081629DDB74A00748818 /* Build configuration list for PBXProject "Jimmy Fallon Blocker" */;
			compatibilityVersion = "Xcode 14.0";
			developmentRegion = en;
			hasScannedForEncodings = 0;
			knownRegions = (
				en,
				Base,
			);
			mainGroup = E9F6081229DDB74A00748818;
			productRefGroup = E9F6083029DDB74C00748818 /* Products */;
			projectDirPath = "";
			projectRoot = "";
			targets = (
				E9F6082E29DDB74C00748818 /* Jimmy Fallon Blocker (iOS) */,
				E9F6084029DDB74C00748818 /* Jimmy Fallon Blocker (macOS) */,
				E9F6084C29DDB74C00748818 /* Jimmy Fallon Blocker Extension (iOS) */,
				E9F6085629DDB74C00748818 /* Jimmy Fallon Blocker Extension (macOS) */,
			);
		};
/* End PBXProject section */

/* Begin PBXResourcesBuildPhase section */
		E9F6082D29DDB74C00748818 /* Resources */ = {
			isa = PBXResourcesBuildPhase;
			buildActionMask = 2147483647;
			files = (
				E9F6086029DDB74C00748818 /* Icon.png in Resources */,
				E9F6083829DDB74C00748818 /* LaunchScreen.storyboard in Resources */,
				E9F6085E29DDB74C00748818 /* Main.html in Resources */,
				E9F6086429DDB74C00748818 /* Script.js in Resources */,
				E9F6086829DDB74C00748818 /* Assets.xcassets in Resources */,
				E9F6083B29DDB74C00748818 /* Main.storyboard in Resources */,
				E9F6086229DDB74C00748818 /* Style.css in Resources */,
			);
			runOnlyForDeploymentPostprocessing = 0;
		};
		E9F6083F29DDB74C00748818 /* Resources */ = {
			isa = PBXResourcesBuildPhase;
			buildActionMask = 2147483647;
			files = (
				E9F6086129DDB74C00748818 /* Icon.png in Resources */,
				E9F6086329DDB74C00748818 /* Style.css in Resources */,
				E9F6084729DDB74C00748818 /* Main.storyboard in Resources */,
				E9F6086529DDB74C00748818 /* Script.js in Resources */,
				E9F6086929DDB74C00748818 /* Assets.xcassets in Resources */,
				E9F6085F29DDB74C00748818 /* Main.html in Resources */,
			);
			runOnlyForDeploymentPostprocessing = 0;
		};
		E9F6084B29DDB74C00748818 /* Resources */ = {
			isa = PBXResourcesBuildPhase;
			buildActionMask = 2147483647;
			files = (
				E9F6087229DDB74C00748818 /* background.js in Resources */,
				E9F6087829DDB74C00748818 /* popup.css in Resources */,
				E9F6087629DDB74C00748818 /* popup.html in Resources */,
				E9F6086E29DDB74C00748818 /* images in Resources */,
				E9F6087029DDB74C00748818 /* manifest.json in Resources */,
				E9F6086C29DDB74C00748818 /* _locales in Resources */,
				E9F6087429DDB74C00748818 /* content.js in Resources */,
				E9F6087A29DDB74C00748818 /* popup.js in Resources */,
			);
			runOnlyForDeploymentPostprocessing = 0;
		};
		E9F6085529DDB74C00748818 /* Resources */ = {
			isa = PBXResourcesBuildPhase;
			buildActionMask = 2147483647;
			files = (
				E9F6087329DDB74C00748818 /* background.js in Resources */,
				E9F6087929DDB74C00748818 /* popup.css in Resources */,
				E9F6087729DDB74C00748818 /* popup.html in Resources */,
				E9F6086F29DDB74C00748818 /* images in Resources */,
				E9F6087129DDB74C00748818 /* manifest.json in Resources */,
				E9F6086D29DDB74C00748818 /* _locales in Resources */,
				E9F6087529DDB74C00748818 /* content.js in Resources */,
				E9F6087B29DDB74C00748818 /* popup.js in Resources */,
			);
			runOnlyForDeploymentPostprocessing = 0;
		};
/* End PBXResourcesBuildPhase section */

/* Begin PBXSourcesBuildPhase section */
		E9F6082B29DDB74C00748818 /* Sources */ = {
			isa = PBXSourcesBuildPhase;
			buildActionMask = 2147483647;
			files = (
				E9F6086629DDB74C00748818 /* ViewController.swift in Sources */,
				E9F6083329DDB74C00748818 /* AppDelegate.swift in Sources */,
				E9F6083529DDB74C00748818 /* SceneDelegate.swift in Sources */,
			);
			runOnlyForDeploymentPostprocessing = 0;
		};
		E9F6083D29DDB74C00748818 /* Sources */ = {
			isa = PBXSourcesBuildPhase;
			buildActionMask = 2147483647;
			files = (
				E9F6086729DDB74C00748818 /* ViewController.swift in Sources */,
				E9F6084429DDB74C00748818 /* AppDelegate.swift in Sources */,
			);
			runOnlyForDeploymentPostprocessing = 0;
		};
		E9F6084929DDB74C00748818 /* Sources */ = {
			isa = PBXSourcesBuildPhase;
			buildActionMask = 2147483647;
			files = (
				E9F6086A29DDB74C00748818 /* SafariWebExtensionHandler.swift in Sources */,
			);
			runOnlyForDeploymentPostprocessing = 0;
		};
		E9F6085329DDB74C00748818 /* Sources */ = {
			isa = PBXSourcesBuildPhase;
			buildActionMask = 2147483647;
			files = (
				E9F6086B29DDB74C00748818 /* SafariWebExtensionHandler.swift in Sources */,
			);
			runOnlyForDeploymentPostprocessing = 0;
		};
/* End PBXSourcesBuildPhase section */

/* Begin PBXTargetDependency section */
		E9F6085029DDB74C00748818 /* PBXTargetDependency */ = {
			isa = PBXTargetDependency;
			target = E9F6084C29DDB74C00748818 /* Jimmy Fallon Blocker Extension (iOS) */;
			targetProxy = E9F6084F29DDB74C00748818 /* PBXContainerItemProxy */;
		};
		E9F6085A29DDB74C00748818 /* PBXTargetDependency */ = {
			isa = PBXTargetDependency;
			target = E9F6085629DDB74C00748818 /* Jimmy Fallon Blocker Extension (macOS) */;
			targetProxy = E9F6085929DDB74C00748818 /* PBXContainerItemProxy */;
		};
/* End PBXTargetDependency section */

/* Begin PBXVariantGroup section */
		E9F6081929DDB74A00748818 /* Main.html */ = {
			isa = PBXVariantGroup;
			children = (
				E9F6081A29DDB74A00748818 /* Base */,
			);
			name = Main.html;
			sourceTree = "<group>";
		};
		E9F6083629DDB74C00748818 /* LaunchScreen.storyboard */ = {
			isa = PBXVariantGroup;
			children = (
				E9F6083729DDB74C00748818 /* Base */,
			);
			name = LaunchScreen.storyboard;
			sourceTree = "<group>";
		};
		E9F6083929DDB74C00748818 /* Main.storyboard */ = {
			isa = PBXVariantGroup;
			children = (
				E9F6083A29DDB74C00748818 /* Base */,
			);
			name = Main.storyboard;
			sourceTree = "<group>";
		};
		E9F6084529DDB74C00748818 /* Main.storyboard */ = {
			isa = PBXVariantGroup;
			children = (
				E9F6084629DDB74C00748818 /* Base */,
			);
			name = Main.storyboard;
			sourceTree = "<group>";
		};
/* End PBXVariantGroup section */

/* Begin XCBuildConfiguration section */
		E9F6087C29DDB74C00748818 /* Debug */ = {
			isa = XCBuildConfiguration;
			buildSettings = {
				ALWAYS_SEARCH_USER_PATHS = NO;
				CLANG_ANALYZER_NONNULL = YES;
				CLANG_ANALYZER_NUMBER_OBJECT_CONVERSION = YES_AGGRESSIVE;
				CLANG_CXX_LANGUAGE_STANDARD = "gnu++20";
				CLANG_ENABLE_MODULES = YES;
				CLANG_ENABLE_OBJC_ARC = YES;
				CLANG_ENABLE_OBJC_WEAK = YES;
				CLANG_WARN_BLOCK_CAPTURE_AUTORELEASING = YES;
				CLANG_WARN_BOOL_CONVERSION = YES;
				CLANG_WARN_COMMA = YES;
				CLANG_WARN_CONSTANT_CONVERSION = YES;
				CLANG_WARN_DEPRECATED_OBJC_IMPLEMENTATIONS = YES;
				CLANG_WARN_DIRECT_OBJC_ISA_USAGE = YES_ERROR;
				CLANG_WARN_DOCUMENTATION_COMMENTS = YES;
				CLANG_WARN_EMPTY_BODY = YES;
				CLANG_WARN_ENUM_CONVERSION = YES;
				CLANG_WARN_INFINITE_RECURSION = YES;
				CLANG_WARN_INT_CONVERSION = YES;
				CLANG_WARN_NON_LITERAL_NULL_CONVERSION = YES;
				CLANG_WARN_OBJC_IMPLICIT_RETAIN_SELF = YES;
				CLANG_WARN_OBJC_LITERAL_CONVERSION = YES;
				CLANG_WARN_OBJC_ROOT_CLASS = YES_ERROR;
				CLANG_WARN_QUOTED_INCLUDE_IN_FRAMEWORK_HEADER = YES;
				CLANG_WARN_RANGE_LOOP_ANALYSIS = YES;
				CLANG_WARN_STRICT_PROTOTYPES = YES;
				CLANG_WARN_SUSPICIOUS_MOVE = YES;
				CLANG_WARN_UNGUARDED_AVAILABILITY = YES_AGGRESSIVE;
				CLANG_WARN_UNREACHABLE_CODE = YES;
				CLANG_WARN__DUPLICATE_METHOD_MATCH = YES;
				COPY_PHASE_STRIP = NO;
				DEBUG_INFORMATION_FORMAT = dwarf;
				ENABLE_STRICT_OBJC_MSGSEND = YES;
				ENABLE_TESTABILITY = YES;
				GCC_C_LANGUAGE_STANDARD = gnu11;
				GCC_DYNAMIC_NO_PIC = NO;
				GCC_NO_COMMON_BLOCKS = YES;
				GCC_OPTIMIZATION_LEVEL = 0;
				GCC_PREPROCESSOR_DEFINITIONS = (
					"DEBUG=1",
					"$(inherited)",
				);
				GCC_WARN_64_TO_32_BIT_CONVERSION = YES;
				GCC_WARN_ABOUT_RETURN_TYPE = YES_ERROR;
				GCC_WARN_UNDECLARED_SELECTOR = YES;
				GCC_WARN_UNINITIALIZED_AUTOS = YES_AGGRESSIVE;
				GCC_WARN_UNUSED_FUNCTION = YES;
				GCC_WARN_UNUSED_VARIABLE = YES;
				MTL_ENABLE_DEBUG_INFO = INCLUDE_SOURCE;
				MTL_FAST_MATH = YES;
				ONLY_ACTIVE_ARCH = YES;
				SWIFT_ACTIVE_COMPILATION_CONDITIONS = DEBUG;
				SWIFT_OPTIMIZATION_LEVEL = "-Onone";
			};
			name = Debug;
		};
		E9F6087D29DDB74C00748818 /* Release */ = {
			isa = XCBuildConfiguration;
			buildSettings = {
				ALWAYS_SEARCH_USER_PATHS = NO;
				CLANG_ANALYZER_NONNULL = YES;
				CLANG_ANALYZER_NUMBER_OBJECT_CONVERSION = YES_AGGRESSIVE;
				CLANG_CXX_LANGUAGE_STANDARD = "gnu++20";
				CLANG_ENABLE_MODULES = YES;
				CLANG_ENABLE_OBJC_ARC = YES;
				CLANG_ENABLE_OBJC_WEAK = YES;
				CLANG_WARN_BLOCK_CAPTURE_AUTORELEASING = YES;
				CLANG_WARN_BOOL_CONVERSION = YES;
				CLANG_WARN_COMMA = YES;
				CLANG_WARN_CONSTANT_CONVERSION = YES;
				CLANG_WARN_DEPRECATED_OBJC_IMPLEMENTATIONS = YES;
				CLANG_WARN_DIRECT_OBJC_ISA_USAGE = YES_ERROR;
				CLANG_WARN_DOCUMENTATION_COMMENTS = YES;
				CLANG_WARN_EMPTY_BODY = YES;
				CLANG_WARN_ENUM_CONVERSION = YES;
				CLANG_WARN_INFINITE_RECURSION = YES;
				CLANG_WARN_INT_CONVERSION = YES;
				CLANG_WARN_NON_LITERAL_NULL_CONVERSION = YES;
				CLANG_WARN_OBJC_IMPLICIT_RETAIN_SELF = YES;
				CLANG_WARN_OBJC_LITERAL_CONVERSION = YES;
				CLANG_WARN_OBJC_ROOT_CLASS = YES_ERROR;
				CLANG_WARN_QUOTED_INCLUDE_IN_FRAMEWORK_HEADER = YES;
				CLANG_WARN_RANGE_LOOP_ANALYSIS = YES;
				CLANG_WARN_STRICT_PROTOTYPES = YES;
				CLANG_WARN_SUSPICIOUS_MOVE = YES;
				CLANG_WARN_UNGUARDED_AVAILABILITY = YES_AGGRESSIVE;
				CLANG_WARN_UNREACHABLE_CODE = YES;
				CLANG_WARN__DUPLICATE_METHOD_MATCH = YES;
				COPY_PHASE_STRIP = NO;
				DEBUG_INFORMATION_FORMAT = "dwarf-with-dsym";
				ENABLE_NS_ASSERTIONS = NO;
				ENABLE_STRICT_OBJC_MSGSEND = YES;
				GCC_C_LANGUAGE_STANDARD = gnu11;
				GCC_NO_COMMON_BLOCKS = YES;
				GCC_WARN_64_TO_32_BIT_CONVERSION = YES;
				GCC_WARN_ABOUT_RETURN_TYPE = YES_ERROR;
				GCC_WARN_UNDECLARED_SELECTOR = YES;
				GCC_WARN_UNINITIALIZED_AUTOS = YES_AGGRESSIVE;
				GCC_WARN_UNUSED_FUNCTION = YES;
				GCC_WARN_UNUSED_VARIABLE = YES;
				MTL_ENABLE_DEBUG_INFO = NO;
				MTL_FAST_MATH = YES;
				SWIFT_COMPILATION_MODE = wholemodule;
				SWIFT_OPTIMIZATION_LEVEL = "-O";
			};
			name = Release;
		};
		E9F6087F29DDB74C00748818 /* Debug */ = {
			isa = XCBuildConfiguration;
			buildSettings = {
				CODE_SIGN_STYLE = Automatic;
				CURRENT_PROJECT_VERSION = 1;
				GENERATE_INFOPLIST_FILE = YES;
				INFOPLIST_FILE = "iOS (Extension)/Info.plist";
				INFOPLIST_KEY_CFBundleDisplayName = "Jimmy Fallon Blocker Extension";
				INFOPLIST_KEY_NSHumanReadableCopyright = "";
				IPHONEOS_DEPLOYMENT_TARGET = 15.0;
				LD_RUNPATH_SEARCH_PATHS = (
					"$(inherited)",
					"@executable_path/Frameworks",
					"@executable_path/../../Frameworks",
				);
				MARKETING_VERSION = 1.0;
				OTHER_LDFLAGS = (
					"-framework",
					SafariServices,
				);
				PRODUCT_BUNDLE_IDENTIFIER = "Indie.Jimmy-Fallon-Blocker.Extension";
				PRODUCT_NAME = "Jimmy Fallon Blocker Extension";
				SDKROOT = iphoneos;
				SKIP_INSTALL = YES;
				SWIFT_EMIT_LOC_STRINGS = YES;
				SWIFT_VERSION = 5.0;
				TARGETED_DEVICE_FAMILY = "1,2";
			};
			name = Debug;
		};
		E9F6088029DDB74C00748818 /* Release */ = {
			isa = XCBuildConfiguration;
			buildSettings = {
				CODE_SIGN_STYLE = Automatic;
				CURRENT_PROJECT_VERSION = 1;
				GENERATE_INFOPLIST_FILE = YES;
				INFOPLIST_FILE = "iOS (Extension)/Info.plist";
				INFOPLIST_KEY_CFBundleDisplayName = "Jimmy Fallon Blocker Extension";
				INFOPLIST_KEY_NSHumanReadableCopyright = "";
				IPHONEOS_DEPLOYMENT_TARGET = 15.0;
				LD_RUNPATH_SEARCH_PATHS = (
					"$(inherited)",
					"@executable_path/Frameworks",
					"@executable_path/../../Frameworks",
				);
				MARKETING_VERSION = 1.0;
				OTHER_LDFLAGS = (
					"-framework",
					SafariServices,
				);
				PRODUCT_BUNDLE_IDENTIFIER = "Indie.Jimmy-Fallon-Blocker.Extension";
				PRODUCT_NAME = "Jimmy Fallon Blocker Extension";
				SDKROOT = iphoneos;
				SKIP_INSTALL = YES;
				SWIFT_EMIT_LOC_STRINGS = YES;
				SWIFT_VERSION = 5.0;
				TARGETED_DEVICE_FAMILY = "1,2";
				VALIDATE_PRODUCT = YES;
			};
			name = Release;
		};
		E9F6088329DDB74C00748818 /* Debug */ = {
			isa = XCBuildConfiguration;
			buildSettings = {
				ALWAYS_EMBED_SWIFT_STANDARD_LIBRARIES = YES;
				ASSETCATALOG_COMPILER_APPICON_NAME = AppIcon;
				ASSETCATALOG_COMPILER_GLOBAL_ACCENT_COLOR_NAME = AccentColor;
				CODE_SIGN_STYLE = Automatic;
				CURRENT_PROJECT_VERSION = 1;
				GENERATE_INFOPLIST_FILE = YES;
				INFOPLIST_FILE = "iOS (App)/Info.plist";
				INFOPLIST_KEY_CFBundleDisplayName = "Jimmy Fallon Blocker";
				INFOPLIST_KEY_UIApplicationSupportsIndirectInputEvents = YES;
				INFOPLIST_KEY_UILaunchStoryboardName = LaunchScreen;
				INFOPLIST_KEY_UIMainStoryboardFile = Main;
				INFOPLIST_KEY_UISupportedInterfaceOrientations = "UIInterfaceOrientationPortrait UIInterfaceOrientationLandscapeLeft UIInterfaceOrientationLandscapeRight";
				INFOPLIST_KEY_UISupportedInterfaceOrientations_iPad = "UIInterfaceOrientationPortrait UIInterfaceOrientationPortraitUpsideDown UIInterfaceOrientationLandscapeLeft UIInterfaceOrientationLandscapeRight";
				IPHONEOS_DEPLOYMENT_TARGET = 15.0;
				LD_RUNPATH_SEARCH_PATHS = (
					"$(inherited)",
					"@executable_path/Frameworks",
				);
				MARKETING_VERSION = 1.0;
				OTHER_LDFLAGS = (
					"-framework",
					SafariServices,
					"-framework",
					WebKit,
				);
				PRODUCT_BUNDLE_IDENTIFIER = "Indie.Jimmy-Fallon-Blocker";
				PRODUCT_NAME = "Jimmy Fallon Blocker";
				SDKROOT = iphoneos;
				SWIFT_EMIT_LOC_STRINGS = YES;
				SWIFT_VERSION = 5.0;
				TARGETED_DEVICE_FAMILY = "1,2";
			};
			name = Debug;
		};
		E9F6088429DDB74C00748818 /* Release */ = {
			isa = XCBuildConfiguration;
			buildSettings = {
				ALWAYS_EMBED_SWIFT_STANDARD_LIBRARIES = YES;
				ASSETCATALOG_COMPILER_APPICON_NAME = AppIcon;
				ASSETCATALOG_COMPILER_GLOBAL_ACCENT_COLOR_NAME = AccentColor;
				CODE_SIGN_STYLE = Automatic;
				CURRENT_PROJECT_VERSION = 1;
				GENERATE_INFOPLIST_FILE = YES;
				INFOPLIST_FILE = "iOS (App)/Info.plist";
				INFOPLIST_KEY_CFBundleDisplayName = "Jimmy Fallon Blocker";
				INFOPLIST_KEY_UIApplicationSupportsIndirectInputEvents = YES;
				INFOPLIST_KEY_UILaunchStoryboardName = LaunchScreen;
				INFOPLIST_KEY_UIMainStoryboardFile = Main;
				INFOPLIST_KEY_UISupportedInterfaceOrientations = "UIInterfaceOrientationPortrait UIInterfaceOrientationLandscapeLeft UIInterfaceOrientationLandscapeRight";
				INFOPLIST_KEY_UISupportedInterfaceOrientations_iPad = "UIInterfaceOrientationPortrait UIInterfaceOrientationPortraitUpsideDown UIInterfaceOrientationLandscapeLeft UIInterfaceOrientationLandscapeRight";
				IPHONEOS_DEPLOYMENT_TARGET = 15.0;
				LD_RUNPATH_SEARCH_PATHS = (
					"$(inherited)",
					"@executable_path/Frameworks",
				);
				MARKETING_VERSION = 1.0;
				OTHER_LDFLAGS = (
					"-framework",
					SafariServices,
					"-framework",
					WebKit,
				);
				PRODUCT_BUNDLE_IDENTIFIER = "Indie.Jimmy-Fallon-Blocker";
				PRODUCT_NAME = "Jimmy Fallon Blocker";
				SDKROOT = iphoneos;
				SWIFT_EMIT_LOC_STRINGS = YES;
				SWIFT_VERSION = 5.0;
				TARGETED_DEVICE_FAMILY = "1,2";
				VALIDATE_PRODUCT = YES;
			};
			name = Release;
		};
		E9F6088629DDB74C00748818 /* Debug */ = {
			isa = XCBuildConfiguration;
			buildSettings = {
				CODE_SIGN_ENTITLEMENTS = "macOS (Extension)/Jimmy Fallon Blocker.entitlements";
				CODE_SIGN_STYLE = Automatic;
				CURRENT_PROJECT_VERSION = 1;
				ENABLE_HARDENED_RUNTIME = YES;
				GENERATE_INFOPLIST_FILE = YES;
				INFOPLIST_FILE = "macOS (Extension)/Info.plist";
				INFOPLIST_KEY_CFBundleDisplayName = "Jimmy Fallon Blocker Extension";
				INFOPLIST_KEY_NSHumanReadableCopyright = "";
				LD_RUNPATH_SEARCH_PATHS = (
					"$(inherited)",
					"@executable_path/../Frameworks",
					"@executable_path/../../../../Frameworks",
				);
				MACOSX_DEPLOYMENT_TARGET = 10.14;
				MARKETING_VERSION = 1.0;
				OTHER_LDFLAGS = (
					"-framework",
					SafariServices,
				);
				PRODUCT_BUNDLE_IDENTIFIER = "Indie.Jimmy-Fallon-Blocker.Extension";
				PRODUCT_NAME = "Jimmy Fallon Blocker Extension";
				SDKROOT = macosx;
				SKIP_INSTALL = YES;
				SWIFT_EMIT_LOC_STRINGS = YES;
				SWIFT_VERSION = 5.0;
			};
			name = Debug;
		};
		E9F6088729DDB74C00748818 /* Release */ = {
			isa = XCBuildConfiguration;
			buildSettings = {
				CODE_SIGN_ENTITLEMENTS = "macOS (Extension)/Jimmy Fallon Blocker.entitlements";
				CODE_SIGN_STYLE = Automatic;
				CURRENT_PROJECT_VERSION = 1;
				ENABLE_HARDENED_RUNTIME = YES;
				GENERATE_INFOPLIST_FILE = YES;
				INFOPLIST_FILE = "macOS (Extension)/Info.plist";
				INFOPLIST_KEY_CFBundleDisplayName = "Jimmy Fallon Blocker Extension";
				INFOPLIST_KEY_NSHumanReadableCopyright = "";
				LD_RUNPATH_SEARCH_PATHS = (
					"$(inherited)",
					"@executable_path/../Frameworks",
					"@executable_path/../../../../Frameworks",
				);
				MACOSX_DEPLOYMENT_TARGET = 10.14;
				MARKETING_VERSION = 1.0;
				OTHER_LDFLAGS = (
					"-framework",
					SafariServices,
				);
				PRODUCT_BUNDLE_IDENTIFIER = "Indie.Jimmy-Fallon-Blocker.Extension";
				PRODUCT_NAME = "Jimmy Fallon Blocker Extension";
				SDKROOT = macosx;
				SKIP_INSTALL = YES;
				SWIFT_EMIT_LOC_STRINGS = YES;
				SWIFT_VERSION = 5.0;
			};
			name = Release;
		};
		E9F6088A29DDB74C00748818 /* Debug */ = {
			isa = XCBuildConfiguration;
			buildSettings = {
				ALWAYS_EMBED_SWIFT_STANDARD_LIBRARIES = YES;
				ASSETCATALOG_COMPILER_APPICON_NAME = AppIcon;
				ASSETCATALOG_COMPILER_GLOBAL_ACCENT_COLOR_NAME = AccentColor;
				CODE_SIGN_ENTITLEMENTS = "macOS (App)/Jimmy Fallon Blocker.entitlements";
				CODE_SIGN_STYLE = Automatic;
				CURRENT_PROJECT_VERSION = 1;
				ENABLE_HARDENED_RUNTIME = YES;
				GENERATE_INFOPLIST_FILE = YES;
				INFOPLIST_KEY_CFBundleDisplayName = "Jimmy Fallon Blocker";
				INFOPLIST_KEY_NSMainStoryboardFile = Main;
				INFOPLIST_KEY_NSPrincipalClass = NSApplication;
				LD_RUNPATH_SEARCH_PATHS = (
					"$(inherited)",
					"@executable_path/../Frameworks",
				);
				MACOSX_DEPLOYMENT_TARGET = 10.14;
				MARKETING_VERSION = 1.0;
				OTHER_LDFLAGS = (
					"-framework",
					SafariServices,
					"-framework",
					WebKit,
				);
				PRODUCT_BUNDLE_IDENTIFIER = "Indie.Jimmy-Fallon-Blocker";
				PRODUCT_NAME = "Jimmy Fallon Blocker";
				SDKROOT = macosx;
				SWIFT_EMIT_LOC_STRINGS = YES;
				SWIFT_VERSION = 5.0;
			};
			name = Debug;
		};
		E9F6088B29DDB74C00748818 /* Release */ = {
			isa = XCBuildConfiguration;
			buildSettings = {
				ALWAYS_EMBED_SWIFT_STANDARD_LIBRARIES = YES;
				ASSETCATALOG_COMPILER_APPICON_NAME = AppIcon;
				ASSETCATALOG_COMPILER_GLOBAL_ACCENT_COLOR_NAME = AccentColor;
				CODE_SIGN_ENTITLEMENTS = "macOS (App)/Jimmy Fallon Blocker.entitlements";
				CODE_SIGN_STYLE = Automatic;
				CURRENT_PROJECT_VERSION = 1;
				ENABLE_HARDENED_RUNTIME = YES;
				GENERATE_INFOPLIST_FILE = YES;
				INFOPLIST_KEY_CFBundleDisplayName = "Jimmy Fallon Blocker";
				INFOPLIST_KEY_NSMainStoryboardFile = Main;
				INFOPLIST_KEY_NSPrincipalClass = NSApplication;
				LD_RUNPATH_SEARCH_PATHS = (
					"$(inherited)",
					"@executable_path/../Frameworks",
				);
				MACOSX_DEPLOYMENT_TARGET = 10.14;
				MARKETING_VERSION = 1.0;
				OTHER_LDFLAGS = (
					"-framework",
					SafariServices,
					"-framework",
					WebKit,
				);
				PRODUCT_BUNDLE_IDENTIFIER = "Indie.Jimmy-Fallon-Blocker";
				PRODUCT_NAME = "Jimmy Fallon Blocker";
				SDKROOT = macosx;
				SWIFT_EMIT_LOC_STRINGS = YES;
				SWIFT_VERSION = 5.0;
			};
			name = Release;
		};
/* End XCBuildConfiguration section */

/* Begin XCConfigurationList section */
		E9F6081629DDB74A00748818 /* Build configuration list for PBXProject "Jimmy Fallon Blocker" */ = {
			isa = XCConfigurationList;
			buildConfigurations = (
				E9F6087C29DDB74C00748818 /* Debug */,
				E9F6087D29DDB74C00748818 /* Release */,
			);
			defaultConfigurationIsVisible = 0;
			defaultConfigurationName = Release;
		};
		E9F6087E29DDB74C00748818 /* Build configuration list for PBXNativeTarget "Jimmy Fallon Blocker Extension (iOS)" */ = {
			isa = XCConfigurationList;
			buildConfigurations = (
				E9F6087F29DDB74C00748818 /* Debug */,
				E9F6088029DDB74C00748818 /* Release */,
			);
			defaultConfigurationIsVisible = 0;
			defaultConfigurationName = Release;
		};
		E9F6088229DDB74C00748818 /* Build configuration list for PBXNativeTarget "Jimmy Fallon Blocker (iOS)" */ = {
			isa = XCConfigurationList;
			buildConfigurations = (
				E9F6088329DDB74C00748818 /* Debug */,
				E9F6088429DDB74C00748818 /* Release */,
			);
			defaultConfigurationIsVisible = 0;
			defaultConfigurationName = Release;
		};
		E9F6088529DDB74C00748818 /* Build configuration list for PBXNativeTarget "Jimmy Fallon Blocker Extension (macOS)" */ = {
			isa = XCConfigurationList;
			buildConfigurations = (
				E9F6088629DDB74C00748818 /* Debug */,
				E9F6088729DDB74C00748818 /* Release */,
			);
			defaultConfigurationIsVisible = 0;
			defaultConfigurationName = Release;
		};
		E9F6088929DDB74C00748818 /* Build configuration list for PBXNativeTarget "Jimmy Fallon Blocker (macOS)" */ = {
			isa = XCConfigurationList;
			buildConfigurations = (
				E9F6088A29DDB74C00748818 /* Debug */,
				E9F6088B29DDB74C00748818 /* Release */,
			);
			defaultConfigurationIsVisible = 0;
			defaultConfigurationName = Release;
		};
/* End XCConfigurationList section */
	};
	rootObject = E9F6081329DDB74A00748818 /* Project object */;
}
